// !$*UTF8*$!
{
	archiveVersion = 1;
	classes = {
	};
	objectVersion = 55;
	objects = {

/* Begin PBXBuildFile section */
		A5912DEC284EFAF300627DA5 /* AppDelegate.swift in Sources */ = {isa = PBXBuildFile; fileRef = A5912DEB284EFAF300627DA5 /* AppDelegate.swift */; };
		A5912DEE284EFAF300627DA5 /* SceneDelegate.swift in Sources */ = {isa = PBXBuildFile; fileRef = A5912DED284EFAF300627DA5 /* SceneDelegate.swift */; };
		A5912DF0284EFAF300627DA5 /* ViewController.swift in Sources */ = {isa = PBXBuildFile; fileRef = A5912DEF284EFAF300627DA5 /* ViewController.swift */; };
		A5912DF3284EFAF300627DA5 /* Main.storyboard in Resources */ = {isa = PBXBuildFile; fileRef = A5912DF1284EFAF300627DA5 /* Main.storyboard */; };
		A5912DF6284EFAF300627DA5 /* Quiz.xcdatamodeld in Sources */ = {isa = PBXBuildFile; fileRef = A5912DF4284EFAF300627DA5 /* Quiz.xcdatamodeld */; };
		A5912DF8284EFAF400627DA5 /* Assets.xcassets in Resources */ = {isa = PBXBuildFile; fileRef = A5912DF7284EFAF400627DA5 /* Assets.xcassets */; };
		A5912DFB284EFAF400627DA5 /* LaunchScreen.storyboard in Resources */ = {isa = PBXBuildFile; fileRef = A5912DF9284EFAF400627DA5 /* LaunchScreen.storyboard */; };
		A5993834285F6C1200D6489C /* QuizViewController.swift in Sources */ = {isa = PBXBuildFile; fileRef = A5993832285F6C1200D6489C /* QuizViewController.swift */; };
		A5993835285F6C1200D6489C /* QuizViewController.xib in Resources */ = {isa = PBXBuildFile; fileRef = A5993833285F6C1200D6489C /* QuizViewController.xib */; };
		A5993838285F6C2400D6489C /* ResultViewController.swift in Sources */ = {isa = PBXBuildFile; fileRef = A5993836285F6C2400D6489C /* ResultViewController.swift */; };
		A5993839285F6C2400D6489C /* ResultViewController.xib in Resources */ = {isa = PBXBuildFile; fileRef = A5993837285F6C2400D6489C /* ResultViewController.xib */; };
		A599383C285F6CA100D6489C /* QuizCollectionViewCell.swift in Sources */ = {isa = PBXBuildFile; fileRef = A599383A285F6CA100D6489C /* QuizCollectionViewCell.swift */; };
		A599383D285F6CA100D6489C /* QuizCollectionViewCell.xib in Resources */ = {isa = PBXBuildFile; fileRef = A599383B285F6CA100D6489C /* QuizCollectionViewCell.xib */; };
		A599383F285F8ABF00D6489C /* Model.swift in Sources */ = {isa = PBXBuildFile; fileRef = A599383E285F8ABF00D6489C /* Model.swift */; };
/* End PBXBuildFile section */

/* Begin PBXFileReference section */
		A5912DE8284EFAF300627DA5 /* Quiz.app */ = {isa = PBXFileReference; explicitFileType = wrapper.application; includeInIndex = 0; path = Quiz.app; sourceTree = BUILT_PRODUCTS_DIR; };
		A5912DEB284EFAF300627DA5 /* AppDelegate.swift */ = {isa = PBXFileReference; lastKnownFileType = sourcecode.swift; path = AppDelegate.swift; sourceTree = "<group>"; };
		A5912DED284EFAF300627DA5 /* SceneDelegate.swift */ = {isa = PBXFileReference; lastKnownFileType = sourcecode.swift; path = SceneDelegate.swift; sourceTree = "<group>"; };
		A5912DEF284EFAF300627DA5 /* ViewController.swift */ = {isa = PBXFileReference; lastKnownFileType = sourcecode.swift; path = ViewController.swift; sourceTree = "<group>"; };
		A5912DF2284EFAF300627DA5 /* Base */ = {isa = PBXFileReference; lastKnownFileType = file.storyboard; name = Base; path = Base.lproj/Main.storyboard; sourceTree = "<group>"; };
		A5912DF5284EFAF300627DA5 /* Quiz.xcdatamodel */ = {isa = PBXFileReference; lastKnownFileType = wrapper.xcdatamodel; path = Quiz.xcdatamodel; sourceTree = "<group>"; };
		A5912DF7284EFAF400627DA5 /* Assets.xcassets */ = {isa = PBXFileReference; lastKnownFileType = folder.assetcatalog; path = Assets.xcassets; sourceTree = "<group>"; };
		A5912DFA284EFAF400627DA5 /* Base */ = {isa = PBXFileReference; lastKnownFileType = file.storyboard; name = Base; path = Base.lproj/LaunchScreen.storyboard; sourceTree = "<group>"; };
		A5912DFC284EFAF400627DA5 /* Info.plist */ = {isa = PBXFileReference; lastKnownFileType = text.plist.xml; path = Info.plist; sourceTree = "<group>"; };
		A5993832285F6C1200D6489C /* QuizViewController.swift */ = {isa = PBXFileReference; lastKnownFileType = sourcecode.swift; path = QuizViewController.swift; sourceTree = "<group>"; };
		A5993833285F6C1200D6489C /* QuizViewController.xib */ = {isa = PBXFileReference; lastKnownFileType = file.xib; path = QuizViewController.xib; sourceTree = "<group>"; };
		A5993836285F6C2400D6489C /* ResultViewController.swift */ = {isa = PBXFileReference; lastKnownFileType = sourcecode.swift; path = ResultViewController.swift; sourceTree = "<group>"; };
		A5993837285F6C2400D6489C /* ResultViewController.xib */ = {isa = PBXFileReference; lastKnownFileType = file.xib; path = ResultViewController.xib; sourceTree = "<group>"; };
		A599383A285F6CA100D6489C /* QuizCollectionViewCell.swift */ = {isa = PBXFileReference; lastKnownFileType = sourcecode.swift; path = QuizCollectionViewCell.swift; sourceTree = "<group>"; };
		A599383B285F6CA100D6489C /* QuizCollectionViewCell.xib */ = {isa = PBXFileReference; lastKnownFileType = file.xib; path = QuizCollectionViewCell.xib; sourceTree = "<group>"; };
		A599383E285F8ABF00D6489C /* Model.swift */ = {isa = PBXFileReference; lastKnownFileType = sourcecode.swift; path = Model.swift; sourceTree = "<group>"; };
/* End PBXFileReference section */

/* Begin PBXFrameworksBuildPhase section */
		A5912DE5284EFAF300627DA5 /* Frameworks */ = {
			isa = PBXFrameworksBuildPhase;
			buildActionMask = 2147483647;
			files = (
			);
			runOnlyForDeploymentPostprocessing = 0;
		};
/* End PBXFrameworksBuildPhase section */

/* Begin PBXGroup section */
		A5912DDF284EFAF300627DA5 = {
			isa = PBXGroup;
			children = (
				A5912DEA284EFAF300627DA5 /* Quiz */,
				A5912DE9284EFAF300627DA5 /* Products */,
			);
			sourceTree = "<group>";
		};
		A5912DE9284EFAF300627DA5 /* Products */ = {
			isa = PBXGroup;
			children = (
				A5912DE8284EFAF300627DA5 /* Quiz.app */,
			);
			name = Products;
			sourceTree = "<group>";
		};
		A5912DEA284EFAF300627DA5 /* Quiz */ = {
			isa = PBXGroup;
			children = (
				A5912DEB284EFAF300627DA5 /* AppDelegate.swift */,
				A5912DED284EFAF300627DA5 /* SceneDelegate.swift */,
				A5912DEF284EFAF300627DA5 /* ViewController.swift */,
				A5993832285F6C1200D6489C /* QuizViewController.swift */,
				A5993833285F6C1200D6489C /* QuizViewController.xib */,
				A5993836285F6C2400D6489C /* ResultViewController.swift */,
				A5993837285F6C2400D6489C /* ResultViewController.xib */,
				A599383A285F6CA100D6489C /* QuizCollectionViewCell.swift */,
				A599383B285F6CA100D6489C /* QuizCollectionViewCell.xib */,
				A5912DF1284EFAF300627DA5 /* Main.storyboard */,
				A5912DF7284EFAF400627DA5 /* Assets.xcassets */,
				A5912DF9284EFAF400627DA5 /* LaunchScreen.storyboard */,
				A5912DFC284EFAF400627DA5 /* Info.plist */,
				A5912DF4284EFAF300627DA5 /* Quiz.xcdatamodeld */,
				A599383E285F8ABF00D6489C /* Model.swift */,
			);
			path = Quiz;
			sourceTree = "<group>";
		};
/* End PBXGroup section */

/* Begin PBXNativeTarget section */
		A5912DE7284EFAF300627DA5 /* Quiz */ = {
			isa = PBXNativeTarget;
			buildConfigurationList = A5912DFF284EFAF400627DA5 /* Build configuration list for PBXNativeTarget "Quiz" */;
			buildPhases = (
				A5912DE4284EFAF300627DA5 /* Sources */,
				A5912DE5284EFAF300627DA5 /* Frameworks */,
				A5912DE6284EFAF300627DA5 /* Resources */,
			);
			buildRules = (
			);
			dependencies = (
			);
			name = Quiz;
			productName = Quiz;
			productReference = A5912DE8284EFAF300627DA5 /* Quiz.app */;
			productType = "com.apple.product-type.application";
		};
/* End PBXNativeTarget section */

/* Begin PBXProject section */
		A5912DE0284EFAF300627DA5 /* Project object */ = {
			isa = PBXProject;
			attributes = {
				BuildIndependentTargetsInParallel = 1;
				LastSwiftUpdateCheck = 1340;
				LastUpgradeCheck = 1340;
				TargetAttributes = {
					A5912DE7284EFAF300627DA5 = {
						CreatedOnToolsVersion = 13.4;
					};
				};
			};
			buildConfigurationList = A5912DE3284EFAF300627DA5 /* Build configuration list for PBXProject "Quiz" */;
			compatibilityVersion = "Xcode 13.0";
			developmentRegion = en;
			hasScannedForEncodings = 0;
			knownRegions = (
				en,
				Base,
			);
			mainGroup = A5912DDF284EFAF300627DA5;
			productRefGroup = A5912DE9284EFAF300627DA5 /* Products */;
			projectDirPath = "";
			projectRoot = "";
			targets = (
				A5912DE7284EFAF300627DA5 /* Quiz */,
			);
		};
/* End PBXProject section */

/* Begin PBXResourcesBuildPhase section */
		A5912DE6284EFAF300627DA5 /* Resources */ = {
			isa = PBXResourcesBuildPhase;
			buildActionMask = 2147483647;
			files = (
				A5912DFB284EFAF400627DA5 /* LaunchScreen.storyboard in Resources */,
				A5912DF8284EFAF400627DA5 /* Assets.xcassets in Resources */,
				A5912DF3284EFAF300627DA5 /* Main.storyboard in Resources */,
				A5993839285F6C2400D6489C /* ResultViewController.xib in Resources */,
				A5993835285F6C1200D6489C /* QuizViewController.xib in Resources */,
				A599383D285F6CA100D6489C /* QuizCollectionViewCell.xib in Resources */,
			);
			runOnlyForDeploymentPostprocessing = 0;
		};
/* End PBXResourcesBuildPhase section */

/* Begin PBXSourcesBuildPhase section */
		A5912DE4284EFAF300627DA5 /* Sources */ = {
			isa = PBXSourcesBuildPhase;
			buildActionMask = 2147483647;
			files = (
				A5912DF0284EFAF300627DA5 /* ViewController.swift in Sources */,
				A5993834285F6C1200D6489C /* QuizViewController.swift in Sources */,
				A5912DEC284EFAF300627DA5 /* AppDelegate.swift in Sources */,
				A5912DF6284EFAF300627DA5 /* Quiz.xcdatamodeld in Sources */,
				A5912DEE284EFAF300627DA5 /* SceneDelegate.swift in Sources */,
				A599383C285F6CA100D6489C /* QuizCollectionViewCell.swift in Sources */,
				A5993838285F6C2400D6489C /* ResultViewController.swift in Sources */,
				A599383F285F8ABF00D6489C /* Model.swift in Sources */,
			);
			runOnlyForDeploymentPostprocessing = 0;
		};
/* End PBXSourcesBuildPhase section */

/* Begin PBXVariantGroup section */
		A5912DF1284EFAF300627DA5 /* Main.storyboard */ = {
			isa = PBXVariantGroup;
			children = (
				A5912DF2284EFAF300627DA5 /* Base */,
			);
			name = Main.storyboard;
			sourceTree = "<group>";
		};
		A5912DF9284EFAF400627DA5 /* LaunchScreen.storyboard */ = {
			isa = PBXVariantGroup;
			children = (
				A5912DFA284EFAF400627DA5 /* Base */,
			);
			name = LaunchScreen.storyboard;
			sourceTree = "<group>";
		};
/* End PBXVariantGroup section */

/* Begin XCBuildConfiguration section */
		A5912DFD284EFAF400627DA5 /* Debug */ = {
			isa = XCBuildConfiguration;
			buildSettings = {
				ALWAYS_SEARCH_USER_PATHS = NO;
				CLANG_ANALYZER_NONNULL = YES;
				CLANG_ANALYZER_NUMBER_OBJECT_CONVERSION = YES_AGGRESSIVE;
				CLANG_CXX_LANGUAGE_STANDARD = "gnu++17";
				CLANG_ENABLE_MODULES = YES;
				CLANG_ENABLE_OBJC_ARC = YES;
				CLANG_ENABLE_OBJC_WEAK = YES;
				CLANG_WARN_BLOCK_CAPTURE_AUTORELEASING = YES;
				CLANG_WARN_BOOL_CONVERSION = YES;
				CLANG_WARN_COMMA = YES;
				CLANG_WARN_CONSTANT_CONVERSION = YES;
				CLANG_WARN_DEPRECATED_OBJC_IMPLEMENTATIONS = YES;
				CLANG_WARN_DIRECT_OBJC_ISA_USAGE = YES_ERROR;
				CLANG_WARN_DOCUMENTATION_COMMENTS = YES;
				CLANG_WARN_EMPTY_BODY = YES;
				CLANG_WARN_ENUM_CONVERSION = YES;
				CLANG_WARN_INFINITE_RECURSION = YES;
				CLANG_WARN_INT_CONVERSION = YES;
				CLANG_WARN_NON_LITERAL_NULL_CONVERSION = YES;
				CLANG_WARN_OBJC_IMPLICIT_RETAIN_SELF = YES;
				CLANG_WARN_OBJC_LITERAL_CONVERSION = YES;
				CLANG_WARN_OBJC_ROOT_CLASS = YES_ERROR;
				CLANG_WARN_QUOTED_INCLUDE_IN_FRAMEWORK_HEADER = YES;
				CLANG_WARN_RANGE_LOOP_ANALYSIS = YES;
				CLANG_WARN_STRICT_PROTOTYPES = YES;
				CLANG_WARN_SUSPICIOUS_MOVE = YES;
				CLANG_WARN_UNGUARDED_AVAILABILITY = YES_AGGRESSIVE;
				CLANG_WARN_UNREACHABLE_CODE = YES;
				CLANG_WARN__DUPLICATE_METHOD_MATCH = YES;
				COPY_PHASE_STRIP = NO;
				DEBUG_INFORMATION_FORMAT = dwarf;
				ENABLE_STRICT_OBJC_MSGSEND = YES;
				ENABLE_TESTABILITY = YES;
				GCC_C_LANGUAGE_STANDARD = gnu11;
				GCC_DYNAMIC_NO_PIC = NO;
				GCC_NO_COMMON_BLOCKS = YES;
				GCC_OPTIMIZATION_LEVEL = 0;
				GCC_PREPROCESSOR_DEFINITIONS = (
					"DEBUG=1",
					"$(inherited)",
				);
				GCC_WARN_64_TO_32_BIT_CONVERSION = YES;
				GCC_WARN_ABOUT_RETURN_TYPE = YES_ERROR;
				GCC_WARN_UNDECLARED_SELECTOR = YES;
				GCC_WARN_UNINITIALIZED_AUTOS = YES_AGGRESSIVE;
				GCC_WARN_UNUSED_FUNCTION = YES;
				GCC_WARN_UNUSED_VARIABLE = YES;
				IPHONEOS_DEPLOYMENT_TARGET = 15.5;
				MTL_ENABLE_DEBUG_INFO = INCLUDE_SOURCE;
				MTL_FAST_MATH = YES;
				ONLY_ACTIVE_ARCH = YES;
				SDKROOT = iphoneos;
				SWIFT_ACTIVE_COMPILATION_CONDITIONS = DEBUG;
				SWIFT_OPTIMIZATION_LEVEL = "-Onone";
			};
			name = Debug;
		};
		A5912DFE284EFAF400627DA5 /* Release */ = {
			isa = XCBuildConfiguration;
			buildSettings = {
				ALWAYS_SEARCH_USER_PATHS = NO;
				CLANG_ANALYZER_NONNULL = YES;
				CLANG_ANALYZER_NUMBER_OBJECT_CONVERSION = YES_AGGRESSIVE;
				CLANG_CXX_LANGUAGE_STANDARD = "gnu++17";
				CLANG_ENABLE_MODULES = YES;
				CLANG_ENABLE_OBJC_ARC = YES;
				CLANG_ENABLE_OBJC_WEAK = YES;
				CLANG_WARN_BLOCK_CAPTURE_AUTORELEASING = YES;
				CLANG_WARN_BOOL_CONVERSION = YES;
				CLANG_WARN_COMMA = YES;
				CLANG_WARN_CONSTANT_CONVERSION = YES;
				CLANG_WARN_DEPRECATED_OBJC_IMPLEMENTATIONS = YES;
				CLANG_WARN_DIRECT_OBJC_ISA_USAGE = YES_ERROR;
				CLANG_WARN_DOCUMENTATION_COMMENTS = YES;
				CLANG_WARN_EMPTY_BODY = YES;
				CLANG_WARN_ENUM_CONVERSION = YES;
				CLANG_WARN_INFINITE_RECURSION = YES;
				CLANG_WARN_INT_CONVERSION = YES;
				CLANG_WARN_NON_LITERAL_NULL_CONVERSION = YES;
				CLANG_WARN_OBJC_IMPLICIT_RETAIN_SELF = YES;
				CLANG_WARN_OBJC_LITERAL_CONVERSION = YES;
				CLANG_WARN_OBJC_ROOT_CLASS = YES_ERROR;
				CLANG_WARN_QUOTED_INCLUDE_IN_FRAMEWORK_HEADER = YES;
				CLANG_WARN_RANGE_LOOP_ANALYSIS = YES;
				CLANG_WARN_STRICT_PROTOTYPES = YES;
				CLANG_WARN_SUSPICIOUS_MOVE = YES;
				CLANG_WARN_UNGUARDED_AVAILABILITY = YES_AGGRESSIVE;
				CLANG_WARN_UNREACHABLE_CODE = YES;
				CLANG_WARN__DUPLICATE_METHOD_MATCH = YES;
				COPY_PHASE_STRIP = NO;
				DEBUG_INFORMATION_FORMAT = "dwarf-with-dsym";
				ENABLE_NS_ASSERTIONS = NO;
				ENABLE_STRICT_OBJC_MSGSEND = YES;
				GCC_C_LANGUAGE_STANDARD = gnu11;
				GCC_NO_COMMON_BLOCKS = YES;
				GCC_WARN_64_TO_32_BIT_CONVERSION = YES;
				GCC_WARN_ABOUT_RETURN_TYPE = YES_ERROR;
				GCC_WARN_UNDECLARED_SELECTOR = YES;
				GCC_WARN_UNINITIALIZED_AUTOS = YES_AGGRESSIVE;
				GCC_WARN_UNUSED_FUNCTION = YES;
				GCC_WARN_UNUSED_VARIABLE = YES;
				IPHONEOS_DEPLOYMENT_TARGET = 15.5;
				MTL_ENABLE_DEBUG_INFO = NO;
				MTL_FAST_MATH = YES;
				SDKROOT = iphoneos;
				SWIFT_COMPILATION_MODE = wholemodule;
				SWIFT_OPTIMIZATION_LEVEL = "-O";
				VALIDATE_PRODUCT = YES;
			};
			name = Release;
		};
		A5912E00284EFAF400627DA5 /* Debug */ = {
			isa = XCBuildConfiguration;
			buildSettings = {
				ASSETCATALOG_COMPILER_APPICON_NAME = AppIcon;
				ASSETCATALOG_COMPILER_GLOBAL_ACCENT_COLOR_NAME = AccentColor;
				CODE_SIGN_STYLE = Automatic;
				CURRENT_PROJECT_VERSION = 1;
				DEVELOPMENT_TEAM = V36979MSZD;
				GENERATE_INFOPLIST_FILE = YES;
				INFOPLIST_FILE = Quiz/Info.plist;
				INFOPLIST_KEY_UIApplicationSupportsIndirectInputEvents = YES;
				INFOPLIST_KEY_UILaunchStoryboardName = LaunchScreen;
				INFOPLIST_KEY_UIMainStoryboardFile = Main;
				INFOPLIST_KEY_UISupportedInterfaceOrientations_iPad = "UIInterfaceOrientationPortrait UIInterfaceOrientationPortraitUpsideDown UIInterfaceOrientationLandscapeLeft UIInterfaceOrientationLandscapeRight";
				INFOPLIST_KEY_UISupportedInterfaceOrientations_iPhone = "UIInterfaceOrientationPortrait UIInterfaceOrientationLandscapeLeft UIInterfaceOrientationLandscapeRight";
				LD_RUNPATH_SEARCH_PATHS = (
					"$(inherited)",
					"@executable_path/Frameworks",
				);
				MARKETING_VERSION = 1.0;
				PRODUCT_BUNDLE_IDENTIFIER = tuna.Quiz;
				PRODUCT_NAME = "$(TARGET_NAME)";
				SWIFT_EMIT_LOC_STRINGS = YES;
				SWIFT_VERSION = 5.0;
				TARGETED_DEVICE_FAMILY = "1,2";
			};
			name = Debug;
		};
		A5912E01284EFAF400627DA5 /* Release */ = {
			isa = XCBuildConfiguration;
			buildSettings = {
				ASSETCATALOG_COMPILER_APPICON_NAME = AppIcon;
				ASSETCATALOG_COMPILER_GLOBAL_ACCENT_COLOR_NAME = AccentColor;
				CODE_SIGN_STYLE = Automatic;
				CURRENT_PROJECT_VERSION = 1;
				DEVELOPMENT_TEAM = V36979MSZD;
				GENERATE_INFOPLIST_FILE = YES;
				INFOPLIST_FILE = Quiz/Info.plist;
				INFOPLIST_KEY_UIApplicationSupportsIndirectInputEvents = YES;
				INFOPLIST_KEY_UILaunchStoryboardName = LaunchScreen;
				INFOPLIST_KEY_UIMainStoryboardFile = Main;
				INFOPLIST_KEY_UISupportedInterfaceOrientations_iPad = "UIInterfaceOrientationPortrait UIInterfaceOrientationPortraitUpsideDown UIInterfaceOrientationLandscapeLeft UIInterfaceOrientationLandscapeRight";
				INFOPLIST_KEY_UISupportedInterfaceOrientations_iPhone = "UIInterfaceOrientationPortrait UIInterfaceOrientationLandscapeLeft UIInterfaceOrientationLandscapeRight";
				LD_RUNPATH_SEARCH_PATHS = (
					"$(inherited)",
					"@executable_path/Frameworks",
				);
				MARKETING_VERSION = 1.0;
				PRODUCT_BUNDLE_IDENTIFIER = tuna.Quiz;
				PRODUCT_NAME = "$(TARGET_NAME)";
				SWIFT_EMIT_LOC_STRINGS = YES;
				SWIFT_VERSION = 5.0;
				TARGETED_DEVICE_FAMILY = "1,2";
			};
			name = Release;
		};
/* End XCBuildConfiguration section */

/* Begin XCConfigurationList section */
		A5912DE3284EFAF300627DA5 /* Build configuration list for PBXProject "Quiz" */ = {
			isa = XCConfigurationList;
			buildConfigurations = (
				A5912DFD284EFAF400627DA5 /* Debug */,
				A5912DFE284EFAF400627DA5 /* Release */,
			);
			defaultConfigurationIsVisible = 0;
			defaultConfigurationName = Release;
		};
		A5912DFF284EFAF400627DA5 /* Build configuration list for PBXNativeTarget "Quiz" */ = {
			isa = XCConfigurationList;
			buildConfigurations = (
				A5912E00284EFAF400627DA5 /* Debug */,
				A5912E01284EFAF400627DA5 /* Release */,
			);
			defaultConfigurationIsVisible = 0;
			defaultConfigurationName = Release;
		};
/* End XCConfigurationList section */

/* Begin XCVersionGroup section */
		A5912DF4284EFAF300627DA5 /* Quiz.xcdatamodeld */ = {
			isa = XCVersionGroup;
			children = (
				A5912DF5284EFAF300627DA5 /* Quiz.xcdatamodel */,
			);
			currentVersion = A5912DF5284EFAF300627DA5 /* Quiz.xcdatamodel */;
			path = Quiz.xcdatamodeld;
			sourceTree = "<group>";
			versionGroupType = wrapper.xcdatamodel;
		};
/* End XCVersionGroup section */
	};
	rootObject = A5912DE0284EFAF300627DA5 /* Project object */;
}
